// !$*UTF8*$!
{
	archiveVersion = 1;
	classes = {
	};
	objectVersion = 56;
	objects = {

/* Begin PBXBuildFile section */
		DD3806392AE41F7400ECA422 /* UserSearchView.swift in Sources */ = {isa = PBXBuildFile; fileRef = DD3806382AE41F7400ECA422 /* UserSearchView.swift */; };
		DD38063B2AE42DB000ECA422 /* ToolbarView.swift in Sources */ = {isa = PBXBuildFile; fileRef = DD38063A2AE42DAF00ECA422 /* ToolbarView.swift */; };
		DD3AC29C2AEE3B980064815F /* RelFeed.swift in Sources */ = {isa = PBXBuildFile; fileRef = DD3AC28B2AEE3B980064815F /* RelFeed.swift */; };
		DD3AC29D2AEE3B980064815F /* Up.swift in Sources */ = {isa = PBXBuildFile; fileRef = DD3AC28C2AEE3B980064815F /* Up.swift */; };
		DD3AC29E2AEE3B980064815F /* RelIdentifier.swift in Sources */ = {isa = PBXBuildFile; fileRef = DD3AC28D2AEE3B980064815F /* RelIdentifier.swift */; };
		DD3AC29F2AEE3B980064815F /* ShowView.swift in Sources */ = {isa = PBXBuildFile; fileRef = DD3AC28E2AEE3B980064815F /* ShowView.swift */; };
		DD3AC2A02AEE3B980064815F /* Show.swift in Sources */ = {isa = PBXBuildFile; fileRef = DD3AC28F2AEE3B980064815F /* Show.swift */; };
		DD3AC2A12AEE3B980064815F /* ShowFeed.swift in Sources */ = {isa = PBXBuildFile; fileRef = DD3AC2902AEE3B980064815F /* ShowFeed.swift */; };
		DD3AC2A22AEE3B980064815F /* PopView.swift in Sources */ = {isa = PBXBuildFile; fileRef = DD3AC2912AEE3B980064815F /* PopView.swift */; };
		DD3AC2A32AEE3B980064815F /* UpFeed.swift in Sources */ = {isa = PBXBuildFile; fileRef = DD3AC2922AEE3B980064815F /* UpFeed.swift */; };
		DD3AC2A42AEE3B980064815F /* DateView.swift in Sources */ = {isa = PBXBuildFile; fileRef = DD3AC2932AEE3B980064815F /* DateView.swift */; };
		DD3AC2A52AEE3B980064815F /* PopFeed.swift in Sources */ = {isa = PBXBuildFile; fileRef = DD3AC2942AEE3B980064815F /* PopFeed.swift */; };
		DD3AC2A62AEE3B980064815F /* RelView.swift in Sources */ = {isa = PBXBuildFile; fileRef = DD3AC2952AEE3B980064815F /* RelView.swift */; };
		DD3AC2A72AEE3B980064815F /* Rel.swift in Sources */ = {isa = PBXBuildFile; fileRef = DD3AC2962AEE3B980064815F /* Rel.swift */; };
		DD3AC2A82AEE3B980064815F /* Pop.swift in Sources */ = {isa = PBXBuildFile; fileRef = DD3AC2972AEE3B980064815F /* Pop.swift */; };
		DD3AC2A92AEE3B980064815F /* PopIdentifier.swift in Sources */ = {isa = PBXBuildFile; fileRef = DD3AC2982AEE3B980064815F /* PopIdentifier.swift */; };
		DD3AC2AA2AEE3B980064815F /* UpIdentifier.swift in Sources */ = {isa = PBXBuildFile; fileRef = DD3AC2992AEE3B980064815F /* UpIdentifier.swift */; };
		DD3AC2AB2AEE3B980064815F /* UpView.swift in Sources */ = {isa = PBXBuildFile; fileRef = DD3AC29A2AEE3B980064815F /* UpView.swift */; };
		DD3AC2AC2AEE3B980064815F /* ShowIdentifier.swift in Sources */ = {isa = PBXBuildFile; fileRef = DD3AC29B2AEE3B980064815F /* ShowIdentifier.swift */; };
		DD3AC2D92AEE4A8E0064815F /* SearchIdentifier.swift in Sources */ = {isa = PBXBuildFile; fileRef = DD3AC2D42AEE4A8E0064815F /* SearchIdentifier.swift */; };
		DD3AC2DA2AEE4A8E0064815F /* SearchView.swift in Sources */ = {isa = PBXBuildFile; fileRef = DD3AC2D52AEE4A8E0064815F /* SearchView.swift */; };
		DD3AC2DB2AEE4A8E0064815F /* SearchFeed.swift in Sources */ = {isa = PBXBuildFile; fileRef = DD3AC2D62AEE4A8E0064815F /* SearchFeed.swift */; };
		DD3AC2DC2AEE4A8E0064815F /* Search.swift in Sources */ = {isa = PBXBuildFile; fileRef = DD3AC2D72AEE4A8E0064815F /* Search.swift */; };
		DD3AC2DD2AEE4A8E0064815F /* QueryView.swift in Sources */ = {isa = PBXBuildFile; fileRef = DD3AC2D82AEE4A8E0064815F /* QueryView.swift */; };
		DD3E767E2AEC9FF300033EDC /* Media.swift in Sources */ = {isa = PBXBuildFile; fileRef = DD3E767D2AEC9FF300033EDC /* Media.swift */; };
		DD3E76802AECA14C00033EDC /* MediaService.swift in Sources */ = {isa = PBXBuildFile; fileRef = DD3E767F2AECA14C00033EDC /* MediaService.swift */; };
		DD3E76822AECA3CF00033EDC /* MediaStore.swift in Sources */ = {isa = PBXBuildFile; fileRef = DD3E76812AECA3CF00033EDC /* MediaStore.swift */; };
		DD3E76842AECA4E900033EDC /* Utils.swift in Sources */ = {isa = PBXBuildFile; fileRef = DD3E76832AECA4E900033EDC /* Utils.swift */; };
		DD3E76862AECAEBC00033EDC /* MovieStub.swift in Sources */ = {isa = PBXBuildFile; fileRef = DD3E76852AECAEBC00033EDC /* MovieStub.swift */; };
		DD3E76892AECB09700033EDC /* jsonvalidator.json in Resources */ = {isa = PBXBuildFile; fileRef = DD3E76882AECB09700033EDC /* jsonvalidator.json */; };
		DD3E768B2AECB29B00033EDC /* ImageLoader.swift in Sources */ = {isa = PBXBuildFile; fileRef = DD3E768A2AECB29B00033EDC /* ImageLoader.swift */; };
		DDB0DFEE2AE3475A00CC8426 /* MenuBar.swift in Sources */ = {isa = PBXBuildFile; fileRef = DDB0DFED2AE3475A00CC8426 /* MenuBar.swift */; };
		DDB0DFF02AE38F2D00CC8426 /* UserAddTitle.swift in Sources */ = {isa = PBXBuildFile; fileRef = DDB0DFEF2AE38F2D00CC8426 /* UserAddTitle.swift */; };
		DDB0DFF62AE3A3C900CC8426 /* ModelList.swift in Sources */ = {isa = PBXBuildFile; fileRef = DDB0DFF52AE3A3C900CC8426 /* ModelList.swift */; };
		DDB0DFF82AE3A50600CC8426 /* ModelMenu.swift in Sources */ = {isa = PBXBuildFile; fileRef = DDB0DFF72AE3A50600CC8426 /* ModelMenu.swift */; };
		DDB0DFFA2AE3A53200CC8426 /* ModelItem.swift in Sources */ = {isa = PBXBuildFile; fileRef = DDB0DFF92AE3A53200CC8426 /* ModelItem.swift */; };
		DDB0DFFE2AE3AA4900CC8426 /* APICaller.swift in Sources */ = {isa = PBXBuildFile; fileRef = DDB0DFFD2AE3AA4900CC8426 /* APICaller.swift */; };
		DDB0E0002AE3B31800CC8426 /* UpcomingView.swift in Sources */ = {isa = PBXBuildFile; fileRef = DDB0DFFF2AE3B31800CC8426 /* UpcomingView.swift */; };
		DDB0E0022AE3B3E300CC8426 /* ReleasedView.swift in Sources */ = {isa = PBXBuildFile; fileRef = DDB0E0012AE3B3E300CC8426 /* ReleasedView.swift */; };
		DDB0E0042AE3B3FF00CC8426 /* MoviesView.swift in Sources */ = {isa = PBXBuildFile; fileRef = DDB0E0032AE3B3FF00CC8426 /* MoviesView.swift */; };
		DDB0E0062AE3B41300CC8426 /* ShowsView.swift in Sources */ = {isa = PBXBuildFile; fileRef = DDB0E0052AE3B41300CC8426 /* ShowsView.swift */; };
		DDBD8C072AEA03FC004CFA7A /* NewsView.swift in Sources */ = {isa = PBXBuildFile; fileRef = DDBD8C022AEA03FC004CFA7A /* NewsView.swift */; };
		DDBD8C082AEA03FC004CFA7A /* NewsFeed.swift in Sources */ = {isa = PBXBuildFile; fileRef = DDBD8C032AEA03FC004CFA7A /* NewsFeed.swift */; };
		DDBD8C092AEA03FC004CFA7A /* NewsViewModel.swift in Sources */ = {isa = PBXBuildFile; fileRef = DDBD8C042AEA03FC004CFA7A /* NewsViewModel.swift */; };
		DDBD8C0A2AEA03FC004CFA7A /* SafariView.swift in Sources */ = {isa = PBXBuildFile; fileRef = DDBD8C052AEA03FC004CFA7A /* SafariView.swift */; };
		DDBD8C0B2AEA03FC004CFA7A /* Article.swift in Sources */ = {isa = PBXBuildFile; fileRef = DDBD8C062AEA03FC004CFA7A /* Article.swift */; };
		DDD4BFD82AE091CD00444D20 /* MovieApp.swift in Sources */ = {isa = PBXBuildFile; fileRef = DDD4BFD72AE091CD00444D20 /* MovieApp.swift */; };
		DDD4BFDA2AE091CD00444D20 /* HomeView.swift in Sources */ = {isa = PBXBuildFile; fileRef = DDD4BFD92AE091CD00444D20 /* HomeView.swift */; };
		DDD4BFDC2AE091CF00444D20 /* Assets.xcassets in Resources */ = {isa = PBXBuildFile; fileRef = DDD4BFDB2AE091CF00444D20 /* Assets.xcassets */; };
		DDD4BFDF2AE091CF00444D20 /* Preview Assets.xcassets in Resources */ = {isa = PBXBuildFile; fileRef = DDD4BFDE2AE091CF00444D20 /* Preview Assets.xcassets */; };
		DDF55B152AEB58350052C808 /* MenuTabView.swift in Sources */ = {isa = PBXBuildFile; fileRef = DDF55B142AEB58350052C808 /* MenuTabView.swift */; };
		DDF55B172AEB5A8F0052C808 /* ContentView.swift in Sources */ = {isa = PBXBuildFile; fileRef = DDF55B162AEB5A8F0052C808 /* ContentView.swift */; };
/* End PBXBuildFile section */

/* Begin PBXFileReference section */
		DD3806382AE41F7400ECA422 /* UserSearchView.swift */ = {isa = PBXFileReference; lastKnownFileType = sourcecode.swift; path = UserSearchView.swift; sourceTree = "<group>"; };
		DD38063A2AE42DAF00ECA422 /* ToolbarView.swift */ = {isa = PBXFileReference; lastKnownFileType = sourcecode.swift; path = ToolbarView.swift; sourceTree = "<group>"; };
		DD3AC28B2AEE3B980064815F /* RelFeed.swift */ = {isa = PBXFileReference; fileEncoding = 4; lastKnownFileType = sourcecode.swift; path = RelFeed.swift; sourceTree = "<group>"; };
		DD3AC28C2AEE3B980064815F /* Up.swift */ = {isa = PBXFileReference; fileEncoding = 4; lastKnownFileType = sourcecode.swift; path = Up.swift; sourceTree = "<group>"; };
		DD3AC28D2AEE3B980064815F /* RelIdentifier.swift */ = {isa = PBXFileReference; fileEncoding = 4; lastKnownFileType = sourcecode.swift; path = RelIdentifier.swift; sourceTree = "<group>"; };
		DD3AC28E2AEE3B980064815F /* ShowView.swift */ = {isa = PBXFileReference; fileEncoding = 4; lastKnownFileType = sourcecode.swift; path = ShowView.swift; sourceTree = "<group>"; };
		DD3AC28F2AEE3B980064815F /* Show.swift */ = {isa = PBXFileReference; fileEncoding = 4; lastKnownFileType = sourcecode.swift; path = Show.swift; sourceTree = "<group>"; };
		DD3AC2902AEE3B980064815F /* ShowFeed.swift */ = {isa = PBXFileReference; fileEncoding = 4; lastKnownFileType = sourcecode.swift; path = ShowFeed.swift; sourceTree = "<group>"; };
		DD3AC2912AEE3B980064815F /* PopView.swift */ = {isa = PBXFileReference; fileEncoding = 4; lastKnownFileType = sourcecode.swift; path = PopView.swift; sourceTree = "<group>"; };
		DD3AC2922AEE3B980064815F /* UpFeed.swift */ = {isa = PBXFileReference; fileEncoding = 4; lastKnownFileType = sourcecode.swift; path = UpFeed.swift; sourceTree = "<group>"; };
		DD3AC2932AEE3B980064815F /* DateView.swift */ = {isa = PBXFileReference; fileEncoding = 4; lastKnownFileType = sourcecode.swift; path = DateView.swift; sourceTree = "<group>"; };
		DD3AC2942AEE3B980064815F /* PopFeed.swift */ = {isa = PBXFileReference; fileEncoding = 4; lastKnownFileType = sourcecode.swift; path = PopFeed.swift; sourceTree = "<group>"; };
		DD3AC2952AEE3B980064815F /* RelView.swift */ = {isa = PBXFileReference; fileEncoding = 4; lastKnownFileType = sourcecode.swift; path = RelView.swift; sourceTree = "<group>"; };
		DD3AC2962AEE3B980064815F /* Rel.swift */ = {isa = PBXFileReference; fileEncoding = 4; lastKnownFileType = sourcecode.swift; path = Rel.swift; sourceTree = "<group>"; };
		DD3AC2972AEE3B980064815F /* Pop.swift */ = {isa = PBXFileReference; fileEncoding = 4; lastKnownFileType = sourcecode.swift; path = Pop.swift; sourceTree = "<group>"; };
		DD3AC2982AEE3B980064815F /* PopIdentifier.swift */ = {isa = PBXFileReference; fileEncoding = 4; lastKnownFileType = sourcecode.swift; path = PopIdentifier.swift; sourceTree = "<group>"; };
		DD3AC2992AEE3B980064815F /* UpIdentifier.swift */ = {isa = PBXFileReference; fileEncoding = 4; lastKnownFileType = sourcecode.swift; path = UpIdentifier.swift; sourceTree = "<group>"; };
		DD3AC29A2AEE3B980064815F /* UpView.swift */ = {isa = PBXFileReference; fileEncoding = 4; lastKnownFileType = sourcecode.swift; path = UpView.swift; sourceTree = "<group>"; };
		DD3AC29B2AEE3B980064815F /* ShowIdentifier.swift */ = {isa = PBXFileReference; fileEncoding = 4; lastKnownFileType = sourcecode.swift; path = ShowIdentifier.swift; sourceTree = "<group>"; };
		DD3AC2D42AEE4A8E0064815F /* SearchIdentifier.swift */ = {isa = PBXFileReference; fileEncoding = 4; lastKnownFileType = sourcecode.swift; path = SearchIdentifier.swift; sourceTree = "<group>"; };
		DD3AC2D52AEE4A8E0064815F /* SearchView.swift */ = {isa = PBXFileReference; fileEncoding = 4; lastKnownFileType = sourcecode.swift; path = SearchView.swift; sourceTree = "<group>"; };
		DD3AC2D62AEE4A8E0064815F /* SearchFeed.swift */ = {isa = PBXFileReference; fileEncoding = 4; lastKnownFileType = sourcecode.swift; path = SearchFeed.swift; sourceTree = "<group>"; };
		DD3AC2D72AEE4A8E0064815F /* Search.swift */ = {isa = PBXFileReference; fileEncoding = 4; lastKnownFileType = sourcecode.swift; path = Search.swift; sourceTree = "<group>"; };
		DD3AC2D82AEE4A8E0064815F /* QueryView.swift */ = {isa = PBXFileReference; fileEncoding = 4; lastKnownFileType = sourcecode.swift; path = QueryView.swift; sourceTree = "<group>"; };
		DD3E767D2AEC9FF300033EDC /* Media.swift */ = {isa = PBXFileReference; lastKnownFileType = sourcecode.swift; path = Media.swift; sourceTree = "<group>"; };
		DD3E767F2AECA14C00033EDC /* MediaService.swift */ = {isa = PBXFileReference; lastKnownFileType = sourcecode.swift; path = MediaService.swift; sourceTree = "<group>"; };
		DD3E76812AECA3CF00033EDC /* MediaStore.swift */ = {isa = PBXFileReference; lastKnownFileType = sourcecode.swift; path = MediaStore.swift; sourceTree = "<group>"; };
		DD3E76832AECA4E900033EDC /* Utils.swift */ = {isa = PBXFileReference; lastKnownFileType = sourcecode.swift; path = Utils.swift; sourceTree = "<group>"; };
		DD3E76852AECAEBC00033EDC /* MovieStub.swift */ = {isa = PBXFileReference; lastKnownFileType = sourcecode.swift; path = MovieStub.swift; sourceTree = "<group>"; };
		DD3E76882AECB09700033EDC /* jsonvalidator.json */ = {isa = PBXFileReference; fileEncoding = 4; lastKnownFileType = text.json; path = jsonvalidator.json; sourceTree = "<group>"; };
		DD3E768A2AECB29B00033EDC /* ImageLoader.swift */ = {isa = PBXFileReference; lastKnownFileType = sourcecode.swift; path = ImageLoader.swift; sourceTree = "<group>"; };
		DDB0DFED2AE3475A00CC8426 /* MenuBar.swift */ = {isa = PBXFileReference; lastKnownFileType = sourcecode.swift; path = MenuBar.swift; sourceTree = "<group>"; };
		DDB0DFEF2AE38F2D00CC8426 /* UserAddTitle.swift */ = {isa = PBXFileReference; lastKnownFileType = sourcecode.swift; path = UserAddTitle.swift; sourceTree = "<group>"; };
		DDB0DFF52AE3A3C900CC8426 /* ModelList.swift */ = {isa = PBXFileReference; lastKnownFileType = sourcecode.swift; path = ModelList.swift; sourceTree = "<group>"; };
		DDB0DFF72AE3A50600CC8426 /* ModelMenu.swift */ = {isa = PBXFileReference; lastKnownFileType = sourcecode.swift; path = ModelMenu.swift; sourceTree = "<group>"; };
		DDB0DFF92AE3A53200CC8426 /* ModelItem.swift */ = {isa = PBXFileReference; lastKnownFileType = sourcecode.swift; path = ModelItem.swift; sourceTree = "<group>"; };
		DDB0DFFD2AE3AA4900CC8426 /* APICaller.swift */ = {isa = PBXFileReference; lastKnownFileType = sourcecode.swift; path = APICaller.swift; sourceTree = "<group>"; };
		DDB0DFFF2AE3B31800CC8426 /* UpcomingView.swift */ = {isa = PBXFileReference; lastKnownFileType = sourcecode.swift; path = UpcomingView.swift; sourceTree = "<group>"; };
		DDB0E0012AE3B3E300CC8426 /* ReleasedView.swift */ = {isa = PBXFileReference; lastKnownFileType = sourcecode.swift; path = ReleasedView.swift; sourceTree = "<group>"; };
		DDB0E0032AE3B3FF00CC8426 /* MoviesView.swift */ = {isa = PBXFileReference; lastKnownFileType = sourcecode.swift; path = MoviesView.swift; sourceTree = "<group>"; };
		DDB0E0052AE3B41300CC8426 /* ShowsView.swift */ = {isa = PBXFileReference; lastKnownFileType = sourcecode.swift; path = ShowsView.swift; sourceTree = "<group>"; };
		DDBD8C022AEA03FC004CFA7A /* NewsView.swift */ = {isa = PBXFileReference; fileEncoding = 4; lastKnownFileType = sourcecode.swift; path = NewsView.swift; sourceTree = "<group>"; };
		DDBD8C032AEA03FC004CFA7A /* NewsFeed.swift */ = {isa = PBXFileReference; fileEncoding = 4; lastKnownFileType = sourcecode.swift; path = NewsFeed.swift; sourceTree = "<group>"; };
		DDBD8C042AEA03FC004CFA7A /* NewsViewModel.swift */ = {isa = PBXFileReference; fileEncoding = 4; lastKnownFileType = sourcecode.swift; path = NewsViewModel.swift; sourceTree = "<group>"; };
		DDBD8C052AEA03FC004CFA7A /* SafariView.swift */ = {isa = PBXFileReference; fileEncoding = 4; lastKnownFileType = sourcecode.swift; path = SafariView.swift; sourceTree = "<group>"; };
		DDBD8C062AEA03FC004CFA7A /* Article.swift */ = {isa = PBXFileReference; fileEncoding = 4; lastKnownFileType = sourcecode.swift; path = Article.swift; sourceTree = "<group>"; };
		DDD4BFD42AE091CD00444D20 /* Movie.app */ = {isa = PBXFileReference; explicitFileType = wrapper.application; includeInIndex = 0; path = Movie.app; sourceTree = BUILT_PRODUCTS_DIR; };
		DDD4BFD72AE091CD00444D20 /* MovieApp.swift */ = {isa = PBXFileReference; lastKnownFileType = sourcecode.swift; path = MovieApp.swift; sourceTree = "<group>"; };
		DDD4BFD92AE091CD00444D20 /* HomeView.swift */ = {isa = PBXFileReference; lastKnownFileType = sourcecode.swift; path = HomeView.swift; sourceTree = "<group>"; };
		DDD4BFDB2AE091CF00444D20 /* Assets.xcassets */ = {isa = PBXFileReference; lastKnownFileType = folder.assetcatalog; path = Assets.xcassets; sourceTree = "<group>"; };
		DDD4BFDE2AE091CF00444D20 /* Preview Assets.xcassets */ = {isa = PBXFileReference; lastKnownFileType = folder.assetcatalog; path = "Preview Assets.xcassets"; sourceTree = "<group>"; };
		DDF55B142AEB58350052C808 /* MenuTabView.swift */ = {isa = PBXFileReference; lastKnownFileType = sourcecode.swift; path = MenuTabView.swift; sourceTree = "<group>"; };
		DDF55B162AEB5A8F0052C808 /* ContentView.swift */ = {isa = PBXFileReference; lastKnownFileType = sourcecode.swift; path = ContentView.swift; sourceTree = "<group>"; };
/* End PBXFileReference section */

/* Begin PBXFrameworksBuildPhase section */
		DDD4BFD12AE091CD00444D20 /* Frameworks */ = {
			isa = PBXFrameworksBuildPhase;
			buildActionMask = 2147483647;
			files = (
			);
			runOnlyForDeploymentPostprocessing = 0;
		};
/* End PBXFrameworksBuildPhase section */

/* Begin PBXGroup section */
		DD3AC28A2AEE3B850064815F /* MediaFolder */ = {
			isa = PBXGroup;
			children = (
				DD3AC2932AEE3B980064815F /* DateView.swift */,
				DD3AC2972AEE3B980064815F /* Pop.swift */,
				DD3AC2942AEE3B980064815F /* PopFeed.swift */,
				DD3AC2982AEE3B980064815F /* PopIdentifier.swift */,
				DD3AC2912AEE3B980064815F /* PopView.swift */,
				DD3AC2962AEE3B980064815F /* Rel.swift */,
				DD3AC28B2AEE3B980064815F /* RelFeed.swift */,
				DD3AC28D2AEE3B980064815F /* RelIdentifier.swift */,
				DD3AC2952AEE3B980064815F /* RelView.swift */,
				DD3AC28F2AEE3B980064815F /* Show.swift */,
				DD3AC2902AEE3B980064815F /* ShowFeed.swift */,
				DD3AC29B2AEE3B980064815F /* ShowIdentifier.swift */,
				DD3AC28E2AEE3B980064815F /* ShowView.swift */,
				DD3AC28C2AEE3B980064815F /* Up.swift */,
				DD3AC2922AEE3B980064815F /* UpFeed.swift */,
				DD3AC2992AEE3B980064815F /* UpIdentifier.swift */,
				DD3AC29A2AEE3B980064815F /* UpView.swift */,
			);
			path = MediaFolder;
			sourceTree = "<group>";
		};
		DD3AC2D32AEE4A790064815F /* SearchFunctions */ = {
			isa = PBXGroup;
			children = (
				DD3AC2D82AEE4A8E0064815F /* QueryView.swift */,
				DD3AC2D72AEE4A8E0064815F /* Search.swift */,
				DD3AC2D62AEE4A8E0064815F /* SearchFeed.swift */,
				DD3AC2D42AEE4A8E0064815F /* SearchIdentifier.swift */,
				DD3AC2D52AEE4A8E0064815F /* SearchView.swift */,
			);
			path = SearchFunctions;
			sourceTree = "<group>";
		};
		DD3E76872AECAF3800033EDC /* Resources */ = {
			isa = PBXGroup;
			children = (
				DD3E76882AECB09700033EDC /* jsonvalidator.json */,
			);
			path = Resources;
			sourceTree = "<group>";
		};
		DDBD8C012AEA03D5004CFA7A /* NewsAPI */ = {
			isa = PBXGroup;
			children = (
				DDBD8C062AEA03FC004CFA7A /* Article.swift */,
				DDBD8C032AEA03FC004CFA7A /* NewsFeed.swift */,
				DDBD8C022AEA03FC004CFA7A /* NewsView.swift */,
				DDBD8C042AEA03FC004CFA7A /* NewsViewModel.swift */,
				DDBD8C052AEA03FC004CFA7A /* SafariView.swift */,
			);
			path = NewsAPI;
			sourceTree = "<group>";
		};
		DDD4BFCB2AE091CD00444D20 = {
			isa = PBXGroup;
			children = (
				DD3AC2D32AEE4A790064815F /* SearchFunctions */,
				DD3AC28A2AEE3B850064815F /* MediaFolder */,
				DDBD8C012AEA03D5004CFA7A /* NewsAPI */,
				DDD4BFD62AE091CD00444D20 /* Movie */,
				DDF55B182AEB5DBF0052C808 /* Deprecated */,
				DDD4BFD52AE091CD00444D20 /* Products */,
			);
			sourceTree = "<group>";
		};
		DDD4BFD52AE091CD00444D20 /* Products */ = {
			isa = PBXGroup;
			children = (
				DDD4BFD42AE091CD00444D20 /* Movie.app */,
			);
			name = Products;
			sourceTree = "<group>";
		};
		DDD4BFD62AE091CD00444D20 /* Movie */ = {
			isa = PBXGroup;
			children = (
				DDD4BFD72AE091CD00444D20 /* MovieApp.swift */,
				DDB0DFF52AE3A3C900CC8426 /* ModelList.swift */,
				DDB0DFF92AE3A53200CC8426 /* ModelItem.swift */,
				DDB0DFF72AE3A50600CC8426 /* ModelMenu.swift */,
				DDF55B132AEB57E90052C808 /* Views */,
				DDD4BFDB2AE091CF00444D20 /* Assets.xcassets */,
				DDD4BFDD2AE091CF00444D20 /* Preview Content */,
			);
			path = Movie;
			sourceTree = "<group>";
		};
		DDD4BFDD2AE091CF00444D20 /* Preview Content */ = {
			isa = PBXGroup;
			children = (
				DDB0DFED2AE3475A00CC8426 /* MenuBar.swift */,
				DDB0DFFD2AE3AA4900CC8426 /* APICaller.swift */,
				DDB0DFEF2AE38F2D00CC8426 /* UserAddTitle.swift */,
				DDD4BFDE2AE091CF00444D20 /* Preview Assets.xcassets */,
			);
			path = "Preview Content";
			sourceTree = "<group>";
		};
		DDF55B132AEB57E90052C808 /* Views */ = {
			isa = PBXGroup;
			children = (
				DDF55B142AEB58350052C808 /* MenuTabView.swift */,
				DDD4BFD92AE091CD00444D20 /* HomeView.swift */,
				DDB0DFFF2AE3B31800CC8426 /* UpcomingView.swift */,
				DDB0E0012AE3B3E300CC8426 /* ReleasedView.swift */,
				DDB0E0032AE3B3FF00CC8426 /* MoviesView.swift */,
				DDB0E0052AE3B41300CC8426 /* ShowsView.swift */,
				DD3806382AE41F7400ECA422 /* UserSearchView.swift */,
				DDF55B162AEB5A8F0052C808 /* ContentView.swift */,
			);
			path = Views;
			sourceTree = "<group>";
		};
		DDF55B182AEB5DBF0052C808 /* Deprecated */ = {
			isa = PBXGroup;
			children = (
				DD3E76872AECAF3800033EDC /* Resources */,
				DD3E767D2AEC9FF300033EDC /* Media.swift */,
				DD3E767F2AECA14C00033EDC /* MediaService.swift */,
				DD3E76812AECA3CF00033EDC /* MediaStore.swift */,
				DD3E76832AECA4E900033EDC /* Utils.swift */,
				DD3E76852AECAEBC00033EDC /* MovieStub.swift */,
				DD3E768A2AECB29B00033EDC /* ImageLoader.swift */,
				DD38063A2AE42DAF00ECA422 /* ToolbarView.swift */,
			);
			path = Deprecated;
			sourceTree = "<group>";
		};
/* End PBXGroup section */

/* Begin PBXNativeTarget section */
		DDD4BFD32AE091CD00444D20 /* Movie */ = {
			isa = PBXNativeTarget;
			buildConfigurationList = DDD4BFE22AE091CF00444D20 /* Build configuration list for PBXNativeTarget "Movie" */;
			buildPhases = (
				DDD4BFD02AE091CD00444D20 /* Sources */,
				DDD4BFD12AE091CD00444D20 /* Frameworks */,
				DDD4BFD22AE091CD00444D20 /* Resources */,
			);
			buildRules = (
			);
			dependencies = (
			);
			name = Movie;
			packageProductDependencies = (
			);
			productName = Movie;
			productReference = DDD4BFD42AE091CD00444D20 /* Movie.app */;
			productType = "com.apple.product-type.application";
		};
/* End PBXNativeTarget section */

/* Begin PBXProject section */
		DDD4BFCC2AE091CD00444D20 /* Project object */ = {
			isa = PBXProject;
			attributes = {
				BuildIndependentTargetsInParallel = 1;
				LastSwiftUpdateCheck = 1500;
				LastUpgradeCheck = 1500;
				TargetAttributes = {
					DDD4BFD32AE091CD00444D20 = {
						CreatedOnToolsVersion = 15.0;
					};
				};
			};
			buildConfigurationList = DDD4BFCF2AE091CD00444D20 /* Build configuration list for PBXProject "Movie" */;
			compatibilityVersion = "Xcode 14.0";
			developmentRegion = en;
			hasScannedForEncodings = 0;
			knownRegions = (
				en,
				Base,
			);
			mainGroup = DDD4BFCB2AE091CD00444D20;
			packageReferences = (
			);
			productRefGroup = DDD4BFD52AE091CD00444D20 /* Products */;
			projectDirPath = "";
			projectRoot = "";
			targets = (
				DDD4BFD32AE091CD00444D20 /* Movie */,
			);
		};
/* End PBXProject section */

/* Begin PBXResourcesBuildPhase section */
		DDD4BFD22AE091CD00444D20 /* Resources */ = {
			isa = PBXResourcesBuildPhase;
			buildActionMask = 2147483647;
			files = (
				DDD4BFDF2AE091CF00444D20 /* Preview Assets.xcassets in Resources */,
				DDD4BFDC2AE091CF00444D20 /* Assets.xcassets in Resources */,
				DD3E76892AECB09700033EDC /* jsonvalidator.json in Resources */,
			);
			runOnlyForDeploymentPostprocessing = 0;
		};
/* End PBXResourcesBuildPhase section */

/* Begin PBXSourcesBuildPhase section */
		DDD4BFD02AE091CD00444D20 /* Sources */ = {
			isa = PBXSourcesBuildPhase;
			buildActionMask = 2147483647;
			files = (
				DDBD8C0B2AEA03FC004CFA7A /* Article.swift in Sources */,
				DDBD8C082AEA03FC004CFA7A /* NewsFeed.swift in Sources */,
				DDB0E0022AE3B3E300CC8426 /* ReleasedView.swift in Sources */,
				DD3AC2D92AEE4A8E0064815F /* SearchIdentifier.swift in Sources */,
				DDF55B152AEB58350052C808 /* MenuTabView.swift in Sources */,
				DD3AC29F2AEE3B980064815F /* ShowView.swift in Sources */,
				DD3AC29C2AEE3B980064815F /* RelFeed.swift in Sources */,
				DD3E76842AECA4E900033EDC /* Utils.swift in Sources */,
				DD3AC2A92AEE3B980064815F /* PopIdentifier.swift in Sources */,
				DDBD8C072AEA03FC004CFA7A /* NewsView.swift in Sources */,
				DD3AC2DD2AEE4A8E0064815F /* QueryView.swift in Sources */,
				DD3AC29D2AEE3B980064815F /* Up.swift in Sources */,
				DD3E76802AECA14C00033EDC /* MediaService.swift in Sources */,
				DD3AC2A62AEE3B980064815F /* RelView.swift in Sources */,
				DD3E767E2AEC9FF300033EDC /* Media.swift in Sources */,
				DDB0E0002AE3B31800CC8426 /* UpcomingView.swift in Sources */,
				DDBD8C092AEA03FC004CFA7A /* NewsViewModel.swift in Sources */,
				DDD4BFDA2AE091CD00444D20 /* HomeView.swift in Sources */,
				DDB0DFFE2AE3AA4900CC8426 /* APICaller.swift in Sources */,
				DD3AC2DA2AEE4A8E0064815F /* SearchView.swift in Sources */,
				DD3AC2AC2AEE3B980064815F /* ShowIdentifier.swift in Sources */,
				DD3E76862AECAEBC00033EDC /* MovieStub.swift in Sources */,
				DD3E768B2AECB29B00033EDC /* ImageLoader.swift in Sources */,
				DD3AC29E2AEE3B980064815F /* RelIdentifier.swift in Sources */,
				DDB0DFFA2AE3A53200CC8426 /* ModelItem.swift in Sources */,
				DD3806392AE41F7400ECA422 /* UserSearchView.swift in Sources */,
				DD3AC2A02AEE3B980064815F /* Show.swift in Sources */,
				DD3AC2A12AEE3B980064815F /* ShowFeed.swift in Sources */,
				DDF55B172AEB5A8F0052C808 /* ContentView.swift in Sources */,
				DD3E76822AECA3CF00033EDC /* MediaStore.swift in Sources */,
				DD3AC2A22AEE3B980064815F /* PopView.swift in Sources */,
				DDB0DFF62AE3A3C900CC8426 /* ModelList.swift in Sources */,
				DDBD8C0A2AEA03FC004CFA7A /* SafariView.swift in Sources */,
				DDB0DFF82AE3A50600CC8426 /* ModelMenu.swift in Sources */,
				DD3AC2AB2AEE3B980064815F /* UpView.swift in Sources */,
				DD3AC2A52AEE3B980064815F /* PopFeed.swift in Sources */,
				DD38063B2AE42DB000ECA422 /* ToolbarView.swift in Sources */,
				DD3AC2DB2AEE4A8E0064815F /* SearchFeed.swift in Sources */,
				DDD4BFD82AE091CD00444D20 /* MovieApp.swift in Sources */,
				DDB0DFEE2AE3475A00CC8426 /* MenuBar.swift in Sources */,
				DD3AC2A32AEE3B980064815F /* UpFeed.swift in Sources */,
				DD3AC2DC2AEE4A8E0064815F /* Search.swift in Sources */,
				DD3AC2A82AEE3B980064815F /* Pop.swift in Sources */,
				DDB0E0042AE3B3FF00CC8426 /* MoviesView.swift in Sources */,
				DD3AC2A42AEE3B980064815F /* DateView.swift in Sources */,
				DDB0DFF02AE38F2D00CC8426 /* UserAddTitle.swift in Sources */,
				DDB0E0062AE3B41300CC8426 /* ShowsView.swift in Sources */,
				DD3AC2AA2AEE3B980064815F /* UpIdentifier.swift in Sources */,
				DD3AC2A72AEE3B980064815F /* Rel.swift in Sources */,
			);
			runOnlyForDeploymentPostprocessing = 0;
		};
/* End PBXSourcesBuildPhase section */

/* Begin XCBuildConfiguration section */
		DDD4BFE02AE091CF00444D20 /* Debug */ = {
			isa = XCBuildConfiguration;
			buildSettings = {
				ALWAYS_SEARCH_USER_PATHS = NO;
				ASSETCATALOG_COMPILER_GENERATE_SWIFT_ASSET_SYMBOL_EXTENSIONS = YES;
				CLANG_ANALYZER_NONNULL = YES;
				CLANG_ANALYZER_NUMBER_OBJECT_CONVERSION = YES_AGGRESSIVE;
				CLANG_CXX_LANGUAGE_STANDARD = "gnu++20";
				CLANG_ENABLE_MODULES = YES;
				CLANG_ENABLE_OBJC_ARC = YES;
				CLANG_ENABLE_OBJC_WEAK = YES;
				CLANG_WARN_BLOCK_CAPTURE_AUTORELEASING = YES;
				CLANG_WARN_BOOL_CONVERSION = YES;
				CLANG_WARN_COMMA = YES;
				CLANG_WARN_CONSTANT_CONVERSION = YES;
				CLANG_WARN_DEPRECATED_OBJC_IMPLEMENTATIONS = YES;
				CLANG_WARN_DIRECT_OBJC_ISA_USAGE = YES_ERROR;
				CLANG_WARN_DOCUMENTATION_COMMENTS = YES;
				CLANG_WARN_EMPTY_BODY = YES;
				CLANG_WARN_ENUM_CONVERSION = YES;
				CLANG_WARN_INFINITE_RECURSION = YES;
				CLANG_WARN_INT_CONVERSION = YES;
				CLANG_WARN_NON_LITERAL_NULL_CONVERSION = YES;
				CLANG_WARN_OBJC_IMPLICIT_RETAIN_SELF = YES;
				CLANG_WARN_OBJC_LITERAL_CONVERSION = YES;
				CLANG_WARN_OBJC_ROOT_CLASS = YES_ERROR;
				CLANG_WARN_QUOTED_INCLUDE_IN_FRAMEWORK_HEADER = YES;
				CLANG_WARN_RANGE_LOOP_ANALYSIS = YES;
				CLANG_WARN_STRICT_PROTOTYPES = YES;
				CLANG_WARN_SUSPICIOUS_MOVE = YES;
				CLANG_WARN_UNGUARDED_AVAILABILITY = YES_AGGRESSIVE;
				CLANG_WARN_UNREACHABLE_CODE = YES;
				CLANG_WARN__DUPLICATE_METHOD_MATCH = YES;
				COPY_PHASE_STRIP = NO;
				DEBUG_INFORMATION_FORMAT = dwarf;
				ENABLE_STRICT_OBJC_MSGSEND = YES;
				ENABLE_TESTABILITY = YES;
				ENABLE_USER_SCRIPT_SANDBOXING = YES;
				GCC_C_LANGUAGE_STANDARD = gnu17;
				GCC_DYNAMIC_NO_PIC = NO;
				GCC_NO_COMMON_BLOCKS = YES;
				GCC_OPTIMIZATION_LEVEL = 0;
				GCC_PREPROCESSOR_DEFINITIONS = (
					"DEBUG=1",
					"$(inherited)",
				);
				GCC_WARN_64_TO_32_BIT_CONVERSION = YES;
				GCC_WARN_ABOUT_RETURN_TYPE = YES_ERROR;
				GCC_WARN_UNDECLARED_SELECTOR = YES;
				GCC_WARN_UNINITIALIZED_AUTOS = YES_AGGRESSIVE;
				GCC_WARN_UNUSED_FUNCTION = YES;
				GCC_WARN_UNUSED_VARIABLE = YES;
				IPHONEOS_DEPLOYMENT_TARGET = 17.0;
				LOCALIZATION_PREFERS_STRING_CATALOGS = YES;
				MTL_ENABLE_DEBUG_INFO = INCLUDE_SOURCE;
				MTL_FAST_MATH = YES;
				ONLY_ACTIVE_ARCH = YES;
				SDKROOT = iphoneos;
				SWIFT_ACTIVE_COMPILATION_CONDITIONS = "DEBUG $(inherited)";
				SWIFT_OPTIMIZATION_LEVEL = "-Onone";
			};
			name = Debug;
		};
		DDD4BFE12AE091CF00444D20 /* Release */ = {
			isa = XCBuildConfiguration;
			buildSettings = {
				ALWAYS_SEARCH_USER_PATHS = NO;
				ASSETCATALOG_COMPILER_GENERATE_SWIFT_ASSET_SYMBOL_EXTENSIONS = YES;
				CLANG_ANALYZER_NONNULL = YES;
				CLANG_ANALYZER_NUMBER_OBJECT_CONVERSION = YES_AGGRESSIVE;
				CLANG_CXX_LANGUAGE_STANDARD = "gnu++20";
				CLANG_ENABLE_MODULES = YES;
				CLANG_ENABLE_OBJC_ARC = YES;
				CLANG_ENABLE_OBJC_WEAK = YES;
				CLANG_WARN_BLOCK_CAPTURE_AUTORELEASING = YES;
				CLANG_WARN_BOOL_CONVERSION = YES;
				CLANG_WARN_COMMA = YES;
				CLANG_WARN_CONSTANT_CONVERSION = YES;
				CLANG_WARN_DEPRECATED_OBJC_IMPLEMENTATIONS = YES;
				CLANG_WARN_DIRECT_OBJC_ISA_USAGE = YES_ERROR;
				CLANG_WARN_DOCUMENTATION_COMMENTS = YES;
				CLANG_WARN_EMPTY_BODY = YES;
				CLANG_WARN_ENUM_CONVERSION = YES;
				CLANG_WARN_INFINITE_RECURSION = YES;
				CLANG_WARN_INT_CONVERSION = YES;
				CLANG_WARN_NON_LITERAL_NULL_CONVERSION = YES;
				CLANG_WARN_OBJC_IMPLICIT_RETAIN_SELF = YES;
				CLANG_WARN_OBJC_LITERAL_CONVERSION = YES;
				CLANG_WARN_OBJC_ROOT_CLASS = YES_ERROR;
				CLANG_WARN_QUOTED_INCLUDE_IN_FRAMEWORK_HEADER = YES;
				CLANG_WARN_RANGE_LOOP_ANALYSIS = YES;
				CLANG_WARN_STRICT_PROTOTYPES = YES;
				CLANG_WARN_SUSPICIOUS_MOVE = YES;
				CLANG_WARN_UNGUARDED_AVAILABILITY = YES_AGGRESSIVE;
				CLANG_WARN_UNREACHABLE_CODE = YES;
				CLANG_WARN__DUPLICATE_METHOD_MATCH = YES;
				COPY_PHASE_STRIP = NO;
				DEBUG_INFORMATION_FORMAT = "dwarf-with-dsym";
				ENABLE_NS_ASSERTIONS = NO;
				ENABLE_STRICT_OBJC_MSGSEND = YES;
				ENABLE_USER_SCRIPT_SANDBOXING = YES;
				GCC_C_LANGUAGE_STANDARD = gnu17;
				GCC_NO_COMMON_BLOCKS = YES;
				GCC_WARN_64_TO_32_BIT_CONVERSION = YES;
				GCC_WARN_ABOUT_RETURN_TYPE = YES_ERROR;
				GCC_WARN_UNDECLARED_SELECTOR = YES;
				GCC_WARN_UNINITIALIZED_AUTOS = YES_AGGRESSIVE;
				GCC_WARN_UNUSED_FUNCTION = YES;
				GCC_WARN_UNUSED_VARIABLE = YES;
				IPHONEOS_DEPLOYMENT_TARGET = 17.0;
				LOCALIZATION_PREFERS_STRING_CATALOGS = YES;
				MTL_ENABLE_DEBUG_INFO = NO;
				MTL_FAST_MATH = YES;
				SDKROOT = iphoneos;
				SWIFT_COMPILATION_MODE = wholemodule;
				VALIDATE_PRODUCT = YES;
			};
			name = Release;
		};
		DDD4BFE32AE091CF00444D20 /* Debug */ = {
			isa = XCBuildConfiguration;
			buildSettings = {
				ASSETCATALOG_COMPILER_APPICON_NAME = AppIcon;
				ASSETCATALOG_COMPILER_GLOBAL_ACCENT_COLOR_NAME = AccentColor;
				CODE_SIGN_STYLE = Automatic;
				CURRENT_PROJECT_VERSION = 1;
				DEVELOPMENT_ASSET_PATHS = "\"Movie/Preview Content\"";
				ENABLE_PREVIEWS = YES;
				GENERATE_INFOPLIST_FILE = YES;
				INFOPLIST_KEY_UIApplicationSceneManifest_Generation = YES;
				INFOPLIST_KEY_UIApplicationSupportsIndirectInputEvents = YES;
				INFOPLIST_KEY_UILaunchScreen_Generation = YES;
				INFOPLIST_KEY_UISupportedInterfaceOrientations_iPad = "UIInterfaceOrientationPortrait UIInterfaceOrientationPortraitUpsideDown UIInterfaceOrientationLandscapeLeft UIInterfaceOrientationLandscapeRight";
				INFOPLIST_KEY_UISupportedInterfaceOrientations_iPhone = "UIInterfaceOrientationPortrait UIInterfaceOrientationLandscapeLeft UIInterfaceOrientationLandscapeRight";
				IPHONEOS_DEPLOYMENT_TARGET = 17.0;
				LD_RUNPATH_SEARCH_PATHS = (
					"$(inherited)",
					"@executable_path/Frameworks",
				);
				MARKETING_VERSION = 1.0;
				PRODUCT_BUNDLE_IDENTIFIER = com.yifanshi.Movie;
				PRODUCT_NAME = "$(TARGET_NAME)";
				SWIFT_EMIT_LOC_STRINGS = YES;
				SWIFT_VERSION = 5.0;
				TARGETED_DEVICE_FAMILY = "1,2";
			};
			name = Debug;
		};
		DDD4BFE42AE091CF00444D20 /* Release */ = {
			isa = XCBuildConfiguration;
			buildSettings = {
				ASSETCATALOG_COMPILER_APPICON_NAME = AppIcon;
				ASSETCATALOG_COMPILER_GLOBAL_ACCENT_COLOR_NAME = AccentColor;
				CODE_SIGN_STYLE = Automatic;
				CURRENT_PROJECT_VERSION = 1;
				DEVELOPMENT_ASSET_PATHS = "\"Movie/Preview Content\"";
				ENABLE_PREVIEWS = YES;
				GENERATE_INFOPLIST_FILE = YES;
				INFOPLIST_KEY_UIApplicationSceneManifest_Generation = YES;
				INFOPLIST_KEY_UIApplicationSupportsIndirectInputEvents = YES;
				INFOPLIST_KEY_UILaunchScreen_Generation = YES;
				INFOPLIST_KEY_UISupportedInterfaceOrientations_iPad = "UIInterfaceOrientationPortrait UIInterfaceOrientationPortraitUpsideDown UIInterfaceOrientationLandscapeLeft UIInterfaceOrientationLandscapeRight";
				INFOPLIST_KEY_UISupportedInterfaceOrientations_iPhone = "UIInterfaceOrientationPortrait UIInterfaceOrientationLandscapeLeft UIInterfaceOrientationLandscapeRight";
				IPHONEOS_DEPLOYMENT_TARGET = 17.0;
				LD_RUNPATH_SEARCH_PATHS = (
					"$(inherited)",
					"@executable_path/Frameworks",
				);
				MARKETING_VERSION = 1.0;
				PRODUCT_BUNDLE_IDENTIFIER = com.yifanshi.Movie;
				PRODUCT_NAME = "$(TARGET_NAME)";
				SWIFT_EMIT_LOC_STRINGS = YES;
				SWIFT_VERSION = 5.0;
				TARGETED_DEVICE_FAMILY = "1,2";
			};
			name = Release;
		};
/* End XCBuildConfiguration section */

/* Begin XCConfigurationList section */
		DDD4BFCF2AE091CD00444D20 /* Build configuration list for PBXProject "Movie" */ = {
			isa = XCConfigurationList;
			buildConfigurations = (
				DDD4BFE02AE091CF00444D20 /* Debug */,
				DDD4BFE12AE091CF00444D20 /* Release */,
			);
			defaultConfigurationIsVisible = 0;
			defaultConfigurationName = Release;
		};
		DDD4BFE22AE091CF00444D20 /* Build configuration list for PBXNativeTarget "Movie" */ = {
			isa = XCConfigurationList;
			buildConfigurations = (
				DDD4BFE32AE091CF00444D20 /* Debug */,
				DDD4BFE42AE091CF00444D20 /* Release */,
			);
			defaultConfigurationIsVisible = 0;
			defaultConfigurationName = Release;
		};
/* End XCConfigurationList section */
	};
	rootObject = DDD4BFCC2AE091CD00444D20 /* Project object */;
}
